
Microsoft Visual Studio Solution File, Format Version 12.00
# Visual Studio 14
VisualStudioVersion = 14.0.25420.1
MinimumVisualStudioVersion = 10.0.40219.1
Project("{2150E333-8FDC-42A3-9474-1A3956D46DE8}") = "chapter02", "chapter02", "{46132075-5099-46D9-AF0E-1CE91532E825}"
EndProject
Project("{8BC9CEB8-8B4A-11D0-8D11-00A0C91BC942}") = "example_02-01", "..\chapter02\example_02-01\example_02-01.vcxproj", "{9F49CF58-208D-4508-9099-A64A1A420C95}"
EndProject
Project("{8BC9CEB8-8B4A-11D0-8D11-00A0C91BC942}") = "example_02-02", "..\chapter02\example_02-02\example_02-02.vcxproj", "{04553A56-B8C0-44F6-AD05-F41F897741EE}"
EndProject
Project("{8BC9CEB8-8B4A-11D0-8D11-00A0C91BC942}") = "example_02-03", "..\chapter02\example_02-03\example_02-03.vcxproj", "{5EFCAC36-9972-4437-9113-B8672083F1DC}"
EndProject
Project("{8BC9CEB8-8B4A-11D0-8D11-00A0C91BC942}") = "example_02-04", "..\chapter02\example_02-04\example_02-04.vcxproj", "{17642342-3FF0-481C-9C86-6DC4C01424F1}"
EndProject
Project("{8BC9CEB8-8B4A-11D0-8D11-00A0C91BC942}") = "example_02-05", "..\chapter02\example_02-05\example_02-05.vcxproj", "{C8CA1761-F9EC-4939-8C12-8051A65E09FC}"
EndProject
Project("{8BC9CEB8-8B4A-11D0-8D11-00A0C91BC942}") = "example_02-06", "..\chapter02\example_02-06\example_02-06.vcxproj", "{507E943D-A186-4689-A456-374B2C0B8801}"
EndProject
Project("{8BC9CEB8-8B4A-11D0-8D11-00A0C91BC942}") = "example_02-07", "..\chapter02\example_02-07\example_02-07.vcxproj", "{8891EE8E-E8C6-4562-9B68-F3E9A006ADFD}"
EndProject
Project("{8BC9CEB8-8B4A-11D0-8D11-00A0C91BC942}") = "example_02-08", "..\chapter02\example_02-08\example_02-08.vcxproj", "{468FC958-CC7A-40F6-A770-E9CA36F8E575}"
EndProject
Project("{8BC9CEB8-8B4A-11D0-8D11-00A0C91BC942}") = "example_02-09", "..\chapter02\example_02-09\example_02-09.vcxproj", "{BC3AE810-482D-4141-8A99-C8B2812A77CA}"
EndProject
Project("{8BC9CEB8-8B4A-11D0-8D11-00A0C91BC942}") = "example_02-10", "..\chapter02\example_02-10\example_02-10.vcxproj", "{A1EA99AF-8F97-497C-A7BD-39BDF0D65A19}"
EndProject
Project("{8BC9CEB8-8B4A-11D0-8D11-00A0C91BC942}") = "example_02-11", "..\chapter02\example_02-11\example_02-11.vcxproj", "{67969E54-EA23-4811-AF2C-C221DAE708DD}"
EndProject
Project("{2150E333-8FDC-42A3-9474-1A3956D46DE8}") = "chapter04", "chapter04", "{3F2034E1-1790-4FF1-9A42-FDCD29F3CF68}"
EndProject
Project("{8BC9CEB8-8B4A-11D0-8D11-00A0C91BC942}") = "example_04-01", "..\chapter04\example_04-01\example_04-01.vcxproj", "{55394534-03DF-40A7-AF4B-3C7A5779AC34}"
EndProject
Project("{8BC9CEB8-8B4A-11D0-8D11-00A0C91BC942}") = "example_04-02", "..\chapter04\example_04-02\example_04-02.vcxproj", "{50B6AC67-8959-4822-80F7-D983084E83AB}"
EndProject
Project("{8BC9CEB8-8B4A-11D0-8D11-00A0C91BC942}") = "example_04-03", "..\chapter04\example_04-03\example_04-03.vcxproj", "{AD300DDD-182D-47D0-887C-091E31F80249}"
EndProject
Project("{8BC9CEB8-8B4A-11D0-8D11-00A0C91BC942}") = "example_04-04", "..\chapter04\example_04-04\example_04-04.vcxproj", "{0B9C7A8A-9569-4E49-898F-8D1EBB2CB984}"
EndProject
Project("{2150E333-8FDC-42A3-9474-1A3956D46DE8}") = "chapter05", "chapter05", "{67B025D4-1F95-4298-AD46-5D81245CB491}"
EndProject
Project("{8BC9CEB8-8B4A-11D0-8D11-00A0C91BC942}") = "example_05-01", "..\chapter05\example_05-01\example_05-01.vcxproj", "{39C54791-F2B1-4078-B398-93D74ECEFF13}"
EndProject
Project("{2150E333-8FDC-42A3-9474-1A3956D46DE8}") = "chapter07", "chapter07", "{A69F75C9-0A14-4181-94CD-18ED4FADBF3C}"
EndProject
Project("{8BC9CEB8-8B4A-11D0-8D11-00A0C91BC942}") = "example_07-01", "..\chapter07\example_07-01\example_07-01.vcxproj", "{AF866C5A-BB1F-4100-8BB1-EC354BC3397B}"
EndProject
Project("{2150E333-8FDC-42A3-9474-1A3956D46DE8}") = "chapter08", "chapter08", "{AE60A2F7-B0AE-4B96-8824-E2E4D50181D0}"
EndProject
Project("{8BC9CEB8-8B4A-11D0-8D11-00A0C91BC942}") = "example_08-01", "..\chapter08\example_08-01\example_08-01.vcxproj", "{01985DE3-D6F5-40FC-AB34-A190611DC00F}"
EndProject
Project("{8BC9CEB8-8B4A-11D0-8D11-00A0C91BC942}") = "example_08-02", "..\chapter08\example_08-02\example_08-02.vcxproj", "{5752EBD0-AA4B-4414-90F0-A5390DE11691}"
EndProject
Project("{8BC9CEB8-8B4A-11D0-8D11-00A0C91BC942}") = "example_08-03", "..\chapter08\example_08-03\example_08-03.vcxproj", "{5FCA1164-DC23-4EA0-86BF-BD26B43C77B8}"
EndProject
Project("{2150E333-8FDC-42A3-9474-1A3956D46DE8}") = "chapter09", "chapter09", "{2F08AB48-946D-4C65-91B2-9C38CBED9278}"
EndProject
Project("{8BC9CEB8-8B4A-11D0-8D11-00A0C91BC942}") = "example_09-01", "..\chapter09\example_09-01\example_09-01.vcxproj", "{D3697546-CCCA-4405-AFCF-4383171591E9}"
EndProject
Project("{8BC9CEB8-8B4A-11D0-8D11-00A0C91BC942}") = "example_09-02", "..\chapter09\example_09-02\example_09-02.vcxproj", "{3F835804-3296-41C7-B5F2-D100A2A1319D}"
EndProject
Project("{8BC9CEB8-8B4A-11D0-8D11-00A0C91BC942}") = "example_09-03", "..\chapter09\example_09-03\example_09-03.vcxproj", "{CF6C3F76-081D-4FCF-8E45-C90313710880}"
EndProject
Project("{8BC9CEB8-8B4A-11D0-8D11-00A0C91BC942}") = "example_09-04", "..\chapter09\example_09-04\example_09-04.vcxproj", "{565A598D-6D29-4F72-ACB4-0DD5DE5DFE9C}"
EndProject
Project("{8BC9CEB8-8B4A-11D0-8D11-00A0C91BC942}") = "example_09-05", "..\chapter09\example_09-05\example_09-05.vcxproj", "{0AF1F393-F5F8-4A61-A2BB-B5FB0B6E2DFA}"
EndProject
Project("{8BC9CEB8-8B4A-11D0-8D11-00A0C91BC942}") = "example_09-06", "..\chapter09\example_09-06\example_09-06.vcxproj", "{EF38EFBA-FC6D-4EE8-B3B4-1CB4C355F41F}"
EndProject
Project("{8BC9CEB8-8B4A-11D0-8D11-00A0C91BC942}") = "example_09-07", "..\chapter09\example_09-07\example_09-07.vcxproj", "{AA787803-9E39-4F41-8C8F-B78CDF9E6E62}"
EndProject
Project("{8BC9CEB8-8B4A-11D0-8D11-00A0C91BC942}") = "example_09-08", "..\chapter09\example_09-08\example_09-08.vcxproj", "{5FDF2074-365D-46C2-AC00-D69769D45C36}"
EndProject
Project("{2150E333-8FDC-42A3-9474-1A3956D46DE8}") = "chapter10", "chapter10", "{36E5BE09-B2CD-4D06-8E7E-77BAA654C1B4}"
EndProject
Project("{8BC9CEB8-8B4A-11D0-8D11-00A0C91BC942}") = "example_10-01", "..\chapter10\example_10-01\example_10-01.vcxproj", "{61397A70-2243-4AE8-BFB0-B8977AAEEA9D}"
EndProject
Project("{8BC9CEB8-8B4A-11D0-8D11-00A0C91BC942}") = "example_10-02", "..\chapter10\example_10-02\example_10-02.vcxproj", "{D7191A96-3F6C-42BF-B3CE-5C38427F63AD}"
EndProject
Project("{8BC9CEB8-8B4A-11D0-8D11-00A0C91BC942}") = "example_10-03", "..\chapter10\example_10-03\example_10-03.vcxproj", "{84BC4683-D207-41DC-BC8B-7AC0C8DA1B4D}"
EndProject
Project("{2150E333-8FDC-42A3-9474-1A3956D46DE8}") = "chapter11", "chapter11", "{63D99779-0849-448F-B878-1BBAECF59E5F}"
EndProject
Project("{8BC9CEB8-8B4A-11D0-8D11-00A0C91BC942}") = "example_11-01", "..\chapter11\example_11-01\example_11-01.vcxproj", "{D3967373-0C00-4C4F-B913-8F0CCB05CA14}"
EndProject
Project("{8BC9CEB8-8B4A-11D0-8D11-00A0C91BC942}") = "example_11-02", "..\chapter11\example_11-02\example_11-02.vcxproj", "{352F58AB-8513-46DD-AFEF-ECE792D8472A}"
EndProject
Project("{8BC9CEB8-8B4A-11D0-8D11-00A0C91BC942}") = "example_11-03", "..\chapter11\example_11-03\example_11-03.vcxproj", "{73686B09-B9F1-4AA5-9AD8-0B1C109B06C4}"
EndProject
Project("{2150E333-8FDC-42A3-9474-1A3956D46DE8}") = "chapter12", "chapter12", "{A1326440-3F8E-457B-B6A2-0F0A50024C81}"
EndProject
Project("{8BC9CEB8-8B4A-11D0-8D11-00A0C91BC942}") = "example_12-01", "..\chapter12\example_12-01\example_12-01.vcxproj", "{AB6136F5-0142-4298-82F1-B13F28E1E7B8}"
EndProject
Project("{8BC9CEB8-8B4A-11D0-8D11-00A0C91BC942}") = "example_12-02", "..\chapter12\example_12-02\example_12-02.vcxproj", "{2819D4B5-D2C3-4439-BC02-43F6BEDE7309}"
EndProject
Project("{8BC9CEB8-8B4A-11D0-8D11-00A0C91BC942}") = "example_12-03", "..\chapter12\example_12-03\example_12-03.vcxproj", "{D625ACF5-EA11-4E20-B19C-A968CA558B98}"
EndProject
Project("{8BC9CEB8-8B4A-11D0-8D11-00A0C91BC942}") = "example_12-04", "..\chapter12\example_12-04\example_12-04.vcxproj", "{B2D5A0AA-56DA-4014-9EBF-081E964FE5E9}"
EndProject
Project("{2150E333-8FDC-42A3-9474-1A3956D46DE8}") = "chapter13", "chapter13", "{4A4E3359-C6A2-4E73-AD97-19CD3626A76A}"
EndProject
Project("{8BC9CEB8-8B4A-11D0-8D11-00A0C91BC942}") = "example_13-01", "..\chapter13\example_13-01\example_13-01.vcxproj", "{698DE01C-7205-420C-B7B0-930E5FA93796}"
EndProject
Project("{8BC9CEB8-8B4A-11D0-8D11-00A0C91BC942}") = "example_13-02", "..\chapter13\example_13-02\example_13-02.vcxproj", "{3F4F2BE1-249F-42F0-85DF-E83EF7EE464D}"
EndProject
Project("{8BC9CEB8-8B4A-11D0-8D11-00A0C91BC942}") = "example_13-03", "..\chapter13\example_13-03\example_13-03.vcxproj", "{C1947010-4686-4C8C-8FF3-F3DB182DA5E4}"
EndProject
Project("{2150E333-8FDC-42A3-9474-1A3956D46DE8}") = "chapter14", "chapter14", "{A1AE256B-E991-4B20-BF29-D65EB09429B8}"
EndProject
Project("{8BC9CEB8-8B4A-11D0-8D11-00A0C91BC942}") = "example_14-01", "..\chapter14\example_14-01\example_14-01.vcxproj", "{ECF83F5F-6E54-4945-96C3-6B483F7D8AD1}"
EndProject
Project("{8BC9CEB8-8B4A-11D0-8D11-00A0C91BC942}") = "example_14-02", "..\chapter14\example_14-02\example_14-02.vcxproj", "{FE149132-13EB-4BD1-A654-BC7BA5F0E871}"
EndProject
Project("{8BC9CEB8-8B4A-11D0-8D11-00A0C91BC942}") = "example_14-03", "..\chapter14\example_14-03\example_14-03.vcxproj", "{C1A51BA5-BD93-4CF5-A3D0-840F5D1A6EBC}"
EndProject
Project("{8BC9CEB8-8B4A-11D0-8D11-00A0C91BC942}") = "example_14-04", "..\chapter14\example_14-04\example_14-04.vcxproj", "{605030DE-2FE5-4840-8E47-6556B7F4B9D8}"
EndProject
Project("{2150E333-8FDC-42A3-9474-1A3956D46DE8}") = "chapter15", "chapter15", "{637227D0-7173-4A16-AF03-004930B27518}"
EndProject
Project("{8BC9CEB8-8B4A-11D0-8D11-00A0C91BC942}") = "example_15-01", "..\chapter15\example_15-01\example_15-01.vcxproj", "{38F10BE2-D5E1-40E7-830B-9B8756A9235A}"
EndProject
Project("{8BC9CEB8-8B4A-11D0-8D11-00A0C91BC942}") = "example_15-02", "..\chapter15\example_15-02\example_15-02.vcxproj", "{1CD365E8-20EB-4800-B8F5-9BD25056F85A}"
EndProject
Project("{8BC9CEB8-8B4A-11D0-8D11-00A0C91BC942}") = "example_15-03", "..\chapter15\example_15-03\example_15-03.vcxproj", "{8F749FE8-47B6-4644-AE9F-E2327655DF45}"
EndProject
Project("{8BC9CEB8-8B4A-11D0-8D11-00A0C91BC942}") = "example_15-04", "..\chapter15\example_15-04\example_15-04.vcxproj", "{CFDA1552-3FBF-40BE-9CCA-752D6B63788B}"
EndProject
Project("{8BC9CEB8-8B4A-11D0-8D11-00A0C91BC942}") = "example_15-05", "..\chapter15\example_15-05\example_15-05.vcxproj", "{A777EFE4-EED6-4FE9-A82B-CAE4B3F444D0}"
EndProject
Project("{8BC9CEB8-8B4A-11D0-8D11-00A0C91BC942}") = "example_15-BackgroundSubtractor", "..\chapter15\example_15-BackgroundSubtractor\example_15-BackgroundSubtractor.vcxproj", "{1D966589-098C-462B-9B10-ECE31E9EB0CC}"
EndProject
Project("{2150E333-8FDC-42A3-9474-1A3956D46DE8}") = "chapter16", "chapter16", "{1842A7B0-545F-41AF-8EDB-4C98AD5673E2}"
EndProject
Project("{8BC9CEB8-8B4A-11D0-8D11-00A0C91BC942}") = "example_16-01", "..\chapter16\example_16-01\example_16-01.vcxproj", "{2B422E5A-63DA-4A9C-A6DC-1AF595CF28D4}"
EndProject
Project("{8BC9CEB8-8B4A-11D0-8D11-00A0C91BC942}") = "example_16-02", "..\chapter16\example_16-02\example_16-02.vcxproj", "{A621DC08-BE34-45F9-BED7-9253D209D8F7}"
EndProject
Project("{2150E333-8FDC-42A3-9474-1A3956D46DE8}") = "chapter17", "chapter17", "{0B4790A1-68D2-4F6C-BDFB-C492EE3CBF07}"
EndProject
Project("{8BC9CEB8-8B4A-11D0-8D11-00A0C91BC942}") = "example_17-01", "..\chapter17\example_17-01\example_17-01.vcxproj", "{C556A7FC-0E2A-4EB0-98F5-FC194EAB76A9}"
EndProject
Project("{8BC9CEB8-8B4A-11D0-8D11-00A0C91BC942}") = "example_17-02", "..\chapter17\example_17-02\example_17-02.vcxproj", "{C119B79E-C2F1-4C3B-952D-A5DD8662DCD0}"
EndProject
Project("{2150E333-8FDC-42A3-9474-1A3956D46DE8}") = "chapter18", "chapter18", "{B8FF03C0-7211-4F36-B6AA-615144B7F4D8}"
EndProject
Project("{8BC9CEB8-8B4A-11D0-8D11-00A0C91BC942}") = "example_18-01", "..\chapter18\example_18-01\example_18-01.vcxproj", "{62CA30FD-D935-4A6E-B137-832C7E299901}"
EndProject
Project("{8BC9CEB8-8B4A-11D0-8D11-00A0C91BC942}") = "example_18-01_from_disk", "..\chapter18\example_18-01_from_disk\example_18-01_from_disk.vcxproj", "{E3DE4DB0-1116-4D54-910F-F93AD3581948}"
EndProject
Project("{2150E333-8FDC-42A3-9474-1A3956D46DE8}") = "chapter19", "chapter19", "{9AB27E41-C437-4151-82BB-348E59A8F557}"
EndProject
Project("{8BC9CEB8-8B4A-11D0-8D11-00A0C91BC942}") = "example_19-01", "..\chapter19\example_19-01\example_19-01.vcxproj", "{24519967-F83F-4D64-A861-D9E76440D2F2}"
EndProject
Project("{8BC9CEB8-8B4A-11D0-8D11-00A0C91BC942}") = "example_19-02", "..\chapter19\example_19-02\example_19-02.vcxproj", "{198199B8-23B6-4858-835F-42F764BA581F}"
EndProject
Project("{8BC9CEB8-8B4A-11D0-8D11-00A0C91BC942}") = "example_19-03", "..\chapter19\example_19-03\example_19-03.vcxproj", "{F401CC50-3272-4558-BA3A-35D28FCAC243}"
EndProject
Project("{8BC9CEB8-8B4A-11D0-8D11-00A0C91BC942}") = "example_19-04", "..\chapter19\example_19-04\example_19-04.vcxproj", "{7E016DEB-671C-4260-A791-A7BD54C99BC6}"
EndProject
Project("{2150E333-8FDC-42A3-9474-1A3956D46DE8}") = "chapter20", "chapter20", "{6AD7C282-73AB-43D5-87D6-E90D39D3AA38}"
EndProject
Project("{8BC9CEB8-8B4A-11D0-8D11-00A0C91BC942}") = "example_20-01", "..\chapter20\example_20-01\example_20-01.vcxproj", "{17B4130B-24FB-418B-B444-B2A520B9B3F0}"
EndProject
Project("{8BC9CEB8-8B4A-11D0-8D11-00A0C91BC942}") = "example_20-02", "..\chapter20\example_20-02\example_20-02.vcxproj", "{C1513B73-5CA2-477F-AEBC-4A450B7FA219}"
EndProject
Project("{2150E333-8FDC-42A3-9474-1A3956D46DE8}") = "chapter21", "chapter21", "{7309FC16-C690-4CA1-AA39-A7BB7B1DC7A7}"
EndProject
Project("{8BC9CEB8-8B4A-11D0-8D11-00A0C91BC942}") = "example_21-01", "..\chapter21\example_21-01\example_21-01.vcxproj", "{10242926-F06C-4A5A-817F-5D5C179A0E4A}"
EndProject
Project("{2150E333-8FDC-42A3-9474-1A3956D46DE8}") = "chapter22", "chapter22", "{FB7B0275-B415-4E2A-B80D-BED7443D9F7A}"
EndProject
Project("{8BC9CEB8-8B4A-11D0-8D11-00A0C91BC942}") = "example_22-01", "..\chapter22\example_22-01\example_22-01.vcxproj", "{476BA7B3-8133-47A7-9B4D-3F30F4FEDDAF}"
EndProject
Global
	GlobalSection(SolutionConfigurationPlatforms) = preSolution
		Debug|x86 = Debug|x86
		Release|x86 = Release|x86
	EndGlobalSection
	GlobalSection(ProjectConfigurationPlatforms) = postSolution
		{9F49CF58-208D-4508-9099-A64A1A420C95}.Debug|x86.ActiveCfg = Debug|Win32
		{9F49CF58-208D-4508-9099-A64A1A420C95}.Debug|x86.Build.0 = Debug|Win32
		{9F49CF58-208D-4508-9099-A64A1A420C95}.Release|x86.ActiveCfg = Release|Win32
		{9F49CF58-208D-4508-9099-A64A1A420C95}.Release|x86.Build.0 = Release|Win32
		{04553A56-B8C0-44F6-AD05-F41F897741EE}.Debug|x86.ActiveCfg = Debug|Win32
		{04553A56-B8C0-44F6-AD05-F41F897741EE}.Debug|x86.Build.0 = Debug|Win32
		{04553A56-B8C0-44F6-AD05-F41F897741EE}.Release|x86.ActiveCfg = Release|Win32
		{04553A56-B8C0-44F6-AD05-F41F897741EE}.Release|x86.Build.0 = Release|Win32
		{5EFCAC36-9972-4437-9113-B8672083F1DC}.Debug|x86.ActiveCfg = Debug|Win32
		{5EFCAC36-9972-4437-9113-B8672083F1DC}.Debug|x86.Build.0 = Debug|Win32
		{5EFCAC36-9972-4437-9113-B8672083F1DC}.Release|x86.ActiveCfg = Release|Win32
		{5EFCAC36-9972-4437-9113-B8672083F1DC}.Release|x86.Build.0 = Release|Win32
		{17642342-3FF0-481C-9C86-6DC4C01424F1}.Debug|x86.ActiveCfg = Debug|Win32
		{17642342-3FF0-481C-9C86-6DC4C01424F1}.Debug|x86.Build.0 = Debug|Win32
		{17642342-3FF0-481C-9C86-6DC4C01424F1}.Release|x86.ActiveCfg = Release|Win32
		{17642342-3FF0-481C-9C86-6DC4C01424F1}.Release|x86.Build.0 = Release|Win32
		{C8CA1761-F9EC-4939-8C12-8051A65E09FC}.Debug|x86.ActiveCfg = Debug|Win32
		{C8CA1761-F9EC-4939-8C12-8051A65E09FC}.Debug|x86.Build.0 = Debug|Win32
		{C8CA1761-F9EC-4939-8C12-8051A65E09FC}.Release|x86.ActiveCfg = Release|Win32
		{C8CA1761-F9EC-4939-8C12-8051A65E09FC}.Release|x86.Build.0 = Release|Win32
		{507E943D-A186-4689-A456-374B2C0B8801}.Debug|x86.ActiveCfg = Debug|Win32
		{507E943D-A186-4689-A456-374B2C0B8801}.Debug|x86.Build.0 = Debug|Win32
		{507E943D-A186-4689-A456-374B2C0B8801}.Release|x86.ActiveCfg = Release|Win32
		{507E943D-A186-4689-A456-374B2C0B8801}.Release|x86.Build.0 = Release|Win32
		{8891EE8E-E8C6-4562-9B68-F3E9A006ADFD}.Debug|x86.ActiveCfg = Debug|Win32
		{8891EE8E-E8C6-4562-9B68-F3E9A006ADFD}.Debug|x86.Build.0 = Debug|Win32
		{8891EE8E-E8C6-4562-9B68-F3E9A006ADFD}.Release|x86.ActiveCfg = Release|Win32
		{8891EE8E-E8C6-4562-9B68-F3E9A006ADFD}.Release|x86.Build.0 = Release|Win32
		{468FC958-CC7A-40F6-A770-E9CA36F8E575}.Debug|x86.ActiveCfg = Debug|Win32
		{468FC958-CC7A-40F6-A770-E9CA36F8E575}.Debug|x86.Build.0 = Debug|Win32
		{468FC958-CC7A-40F6-A770-E9CA36F8E575}.Release|x86.ActiveCfg = Release|Win32
		{468FC958-CC7A-40F6-A770-E9CA36F8E575}.Release|x86.Build.0 = Release|Win32
		{BC3AE810-482D-4141-8A99-C8B2812A77CA}.Debug|x86.ActiveCfg = Debug|Win32
		{BC3AE810-482D-4141-8A99-C8B2812A77CA}.Debug|x86.Build.0 = Debug|Win32
		{BC3AE810-482D-4141-8A99-C8B2812A77CA}.Release|x86.ActiveCfg = Release|Win32
		{BC3AE810-482D-4141-8A99-C8B2812A77CA}.Release|x86.Build.0 = Release|Win32
		{A1EA99AF-8F97-497C-A7BD-39BDF0D65A19}.Debug|x86.ActiveCfg = Debug|Win32
		{A1EA99AF-8F97-497C-A7BD-39BDF0D65A19}.Debug|x86.Build.0 = Debug|Win32
		{A1EA99AF-8F97-497C-A7BD-39BDF0D65A19}.Release|x86.ActiveCfg = Release|Win32
		{A1EA99AF-8F97-497C-A7BD-39BDF0D65A19}.Release|x86.Build.0 = Release|Win32
		{67969E54-EA23-4811-AF2C-C221DAE708DD}.Debug|x86.ActiveCfg = Debug|Win32
		{67969E54-EA23-4811-AF2C-C221DAE708DD}.Debug|x86.Build.0 = Debug|Win32
		{67969E54-EA23-4811-AF2C-C221DAE708DD}.Release|x86.ActiveCfg = Release|Win32
		{67969E54-EA23-4811-AF2C-C221DAE708DD}.Release|x86.Build.0 = Release|Win32
		{55394534-03DF-40A7-AF4B-3C7A5779AC34}.Debug|x86.ActiveCfg = Debug|Win32
		{55394534-03DF-40A7-AF4B-3C7A5779AC34}.Debug|x86.Build.0 = Debug|Win32
		{55394534-03DF-40A7-AF4B-3C7A5779AC34}.Release|x86.ActiveCfg = Release|Win32
		{55394534-03DF-40A7-AF4B-3C7A5779AC34}.Release|x86.Build.0 = Release|Win32
		{50B6AC67-8959-4822-80F7-D983084E83AB}.Debug|x86.ActiveCfg = Debug|Win32
		{50B6AC67-8959-4822-80F7-D983084E83AB}.Debug|x86.Build.0 = Debug|Win32
		{50B6AC67-8959-4822-80F7-D983084E83AB}.Release|x86.ActiveCfg = Release|Win32
		{50B6AC67-8959-4822-80F7-D983084E83AB}.Release|x86.Build.0 = Release|Win32
		{AD300DDD-182D-47D0-887C-091E31F80249}.Debug|x86.ActiveCfg = Debug|Win32
		{AD300DDD-182D-47D0-887C-091E31F80249}.Debug|x86.Build.0 = Debug|Win32
		{AD300DDD-182D-47D0-887C-091E31F80249}.Release|x86.ActiveCfg = Release|Win32
		{AD300DDD-182D-47D0-887C-091E31F80249}.Release|x86.Build.0 = Release|Win32
		{0B9C7A8A-9569-4E49-898F-8D1EBB2CB984}.Debug|x86.ActiveCfg = Debug|Win32
		{0B9C7A8A-9569-4E49-898F-8D1EBB2CB984}.Debug|x86.Build.0 = Debug|Win32
		{0B9C7A8A-9569-4E49-898F-8D1EBB2CB984}.Release|x86.ActiveCfg = Release|Win32
		{0B9C7A8A-9569-4E49-898F-8D1EBB2CB984}.Release|x86.Build.0 = Release|Win32
		{39C54791-F2B1-4078-B398-93D74ECEFF13}.Debug|x86.ActiveCfg = Debug|Win32
		{39C54791-F2B1-4078-B398-93D74ECEFF13}.Debug|x86.Build.0 = Debug|Win32
		{39C54791-F2B1-4078-B398-93D74ECEFF13}.Release|x86.ActiveCfg = Release|Win32
		{39C54791-F2B1-4078-B398-93D74ECEFF13}.Release|x86.Build.0 = Release|Win32
		{AF866C5A-BB1F-4100-8BB1-EC354BC3397B}.Debug|x86.ActiveCfg = Debug|Win32
		{AF866C5A-BB1F-4100-8BB1-EC354BC3397B}.Debug|x86.Build.0 = Debug|Win32
		{AF866C5A-BB1F-4100-8BB1-EC354BC3397B}.Release|x86.ActiveCfg = Release|Win32
		{AF866C5A-BB1F-4100-8BB1-EC354BC3397B}.Release|x86.Build.0 = Release|Win32
		{01985DE3-D6F5-40FC-AB34-A190611DC00F}.Debug|x86.ActiveCfg = Debug|Win32
		{01985DE3-D6F5-40FC-AB34-A190611DC00F}.Debug|x86.Build.0 = Debug|Win32
		{01985DE3-D6F5-40FC-AB34-A190611DC00F}.Release|x86.ActiveCfg = Release|Win32
		{01985DE3-D6F5-40FC-AB34-A190611DC00F}.Release|x86.Build.0 = Release|Win32
		{5752EBD0-AA4B-4414-90F0-A5390DE11691}.Debug|x86.ActiveCfg = Debug|Win32
		{5752EBD0-AA4B-4414-90F0-A5390DE11691}.Debug|x86.Build.0 = Debug|Win32
		{5752EBD0-AA4B-4414-90F0-A5390DE11691}.Release|x86.ActiveCfg = Release|Win32
		{5752EBD0-AA4B-4414-90F0-A5390DE11691}.Release|x86.Build.0 = Release|Win32
		{5FCA1164-DC23-4EA0-86BF-BD26B43C77B8}.Debug|x86.ActiveCfg = Debug|Win32
		{5FCA1164-DC23-4EA0-86BF-BD26B43C77B8}.Debug|x86.Build.0 = Debug|Win32
		{5FCA1164-DC23-4EA0-86BF-BD26B43C77B8}.Release|x86.ActiveCfg = Release|Win32
		{5FCA1164-DC23-4EA0-86BF-BD26B43C77B8}.Release|x86.Build.0 = Release|Win32
		{D3697546-CCCA-4405-AFCF-4383171591E9}.Debug|x86.ActiveCfg = Debug|Win32
		{D3697546-CCCA-4405-AFCF-4383171591E9}.Debug|x86.Build.0 = Debug|Win32
		{D3697546-CCCA-4405-AFCF-4383171591E9}.Release|x86.ActiveCfg = Release|Win32
		{D3697546-CCCA-4405-AFCF-4383171591E9}.Release|x86.Build.0 = Release|Win32
		{3F835804-3296-41C7-B5F2-D100A2A1319D}.Debug|x86.ActiveCfg = Debug|Win32
		{3F835804-3296-41C7-B5F2-D100A2A1319D}.Debug|x86.Build.0 = Debug|Win32
		{3F835804-3296-41C7-B5F2-D100A2A1319D}.Release|x86.ActiveCfg = Release|Win32
		{3F835804-3296-41C7-B5F2-D100A2A1319D}.Release|x86.Build.0 = Release|Win32
		{CF6C3F76-081D-4FCF-8E45-C90313710880}.Debug|x86.ActiveCfg = Debug|Win32
		{CF6C3F76-081D-4FCF-8E45-C90313710880}.Debug|x86.Build.0 = Debug|Win32
		{CF6C3F76-081D-4FCF-8E45-C90313710880}.Release|x86.ActiveCfg = Release|Win32
		{CF6C3F76-081D-4FCF-8E45-C90313710880}.Release|x86.Build.0 = Release|Win32
		{565A598D-6D29-4F72-ACB4-0DD5DE5DFE9C}.Debug|x86.ActiveCfg = Debug|Win32
		{565A598D-6D29-4F72-ACB4-0DD5DE5DFE9C}.Debug|x86.Build.0 = Debug|Win32
		{565A598D-6D29-4F72-ACB4-0DD5DE5DFE9C}.Release|x86.ActiveCfg = Release|Win32
		{565A598D-6D29-4F72-ACB4-0DD5DE5DFE9C}.Release|x86.Build.0 = Release|Win32
		{0AF1F393-F5F8-4A61-A2BB-B5FB0B6E2DFA}.Debug|x86.ActiveCfg = Debug|Win32
		{0AF1F393-F5F8-4A61-A2BB-B5FB0B6E2DFA}.Debug|x86.Build.0 = Debug|Win32
		{0AF1F393-F5F8-4A61-A2BB-B5FB0B6E2DFA}.Release|x86.ActiveCfg = Release|Win32
		{0AF1F393-F5F8-4A61-A2BB-B5FB0B6E2DFA}.Release|x86.Build.0 = Release|Win32
		{EF38EFBA-FC6D-4EE8-B3B4-1CB4C355F41F}.Debug|x86.ActiveCfg = Debug|Win32
		{EF38EFBA-FC6D-4EE8-B3B4-1CB4C355F41F}.Debug|x86.Build.0 = Debug|Win32
		{EF38EFBA-FC6D-4EE8-B3B4-1CB4C355F41F}.Release|x86.ActiveCfg = Release|Win32
		{EF38EFBA-FC6D-4EE8-B3B4-1CB4C355F41F}.Release|x86.Build.0 = Release|Win32
		{AA787803-9E39-4F41-8C8F-B78CDF9E6E62}.Debug|x86.ActiveCfg = Debug|Win32
		{AA787803-9E39-4F41-8C8F-B78CDF9E6E62}.Debug|x86.Build.0 = Debug|Win32
		{AA787803-9E39-4F41-8C8F-B78CDF9E6E62}.Release|x86.ActiveCfg = Release|Win32
		{AA787803-9E39-4F41-8C8F-B78CDF9E6E62}.Release|x86.Build.0 = Release|Win32
		{5FDF2074-365D-46C2-AC00-D69769D45C36}.Debug|x86.ActiveCfg = Debug|Win32
		{5FDF2074-365D-46C2-AC00-D69769D45C36}.Debug|x86.Build.0 = Debug|Win32
		{5FDF2074-365D-46C2-AC00-D69769D45C36}.Release|x86.ActiveCfg = Release|Win32
		{5FDF2074-365D-46C2-AC00-D69769D45C36}.Release|x86.Build.0 = Release|Win32
		{61397A70-2243-4AE8-BFB0-B8977AAEEA9D}.Debug|x86.ActiveCfg = Debug|Win32
		{61397A70-2243-4AE8-BFB0-B8977AAEEA9D}.Debug|x86.Build.0 = Debug|Win32
		{61397A70-2243-4AE8-BFB0-B8977AAEEA9D}.Release|x86.ActiveCfg = Release|Win32
		{61397A70-2243-4AE8-BFB0-B8977AAEEA9D}.Release|x86.Build.0 = Release|Win32
		{D7191A96-3F6C-42BF-B3CE-5C38427F63AD}.Debug|x86.ActiveCfg = Debug|Win32
		{D7191A96-3F6C-42BF-B3CE-5C38427F63AD}.Debug|x86.Build.0 = Debug|Win32
		{D7191A96-3F6C-42BF-B3CE-5C38427F63AD}.Release|x86.ActiveCfg = Release|Win32
		{D7191A96-3F6C-42BF-B3CE-5C38427F63AD}.Release|x86.Build.0 = Release|Win32
		{84BC4683-D207-41DC-BC8B-7AC0C8DA1B4D}.Debug|x86.ActiveCfg = Debug|Win32
		{84BC4683-D207-41DC-BC8B-7AC0C8DA1B4D}.Debug|x86.Build.0 = Debug|Win32
		{84BC4683-D207-41DC-BC8B-7AC0C8DA1B4D}.Release|x86.ActiveCfg = Release|Win32
		{84BC4683-D207-41DC-BC8B-7AC0C8DA1B4D}.Release|x86.Build.0 = Release|Win32
		{D3967373-0C00-4C4F-B913-8F0CCB05CA14}.Debug|x86.ActiveCfg = Debug|Win32
		{D3967373-0C00-4C4F-B913-8F0CCB05CA14}.Debug|x86.Build.0 = Debug|Win32
		{D3967373-0C00-4C4F-B913-8F0CCB05CA14}.Release|x86.ActiveCfg = Release|Win32
		{D3967373-0C00-4C4F-B913-8F0CCB05CA14}.Release|x86.Build.0 = Release|Win32
		{352F58AB-8513-46DD-AFEF-ECE792D8472A}.Debug|x86.ActiveCfg = Debug|Win32
		{352F58AB-8513-46DD-AFEF-ECE792D8472A}.Debug|x86.Build.0 = Debug|Win32
		{352F58AB-8513-46DD-AFEF-ECE792D8472A}.Release|x86.ActiveCfg = Release|Win32
		{352F58AB-8513-46DD-AFEF-ECE792D8472A}.Release|x86.Build.0 = Release|Win32
		{73686B09-B9F1-4AA5-9AD8-0B1C109B06C4}.Debug|x86.ActiveCfg = Debug|Win32
		{73686B09-B9F1-4AA5-9AD8-0B1C109B06C4}.Debug|x86.Build.0 = Debug|Win32
		{73686B09-B9F1-4AA5-9AD8-0B1C109B06C4}.Release|x86.ActiveCfg = Release|Win32
		{73686B09-B9F1-4AA5-9AD8-0B1C109B06C4}.Release|x86.Build.0 = Release|Win32
		{AB6136F5-0142-4298-82F1-B13F28E1E7B8}.Debug|x86.ActiveCfg = Debug|Win32
		{AB6136F5-0142-4298-82F1-B13F28E1E7B8}.Debug|x86.Build.0 = Debug|Win32
		{AB6136F5-0142-4298-82F1-B13F28E1E7B8}.Release|x86.ActiveCfg = Release|Win32
		{AB6136F5-0142-4298-82F1-B13F28E1E7B8}.Release|x86.Build.0 = Release|Win32
		{2819D4B5-D2C3-4439-BC02-43F6BEDE7309}.Debug|x86.ActiveCfg = Debug|Win32
		{2819D4B5-D2C3-4439-BC02-43F6BEDE7309}.Debug|x86.Build.0 = Debug|Win32
		{2819D4B5-D2C3-4439-BC02-43F6BEDE7309}.Release|x86.ActiveCfg = Release|Win32
		{2819D4B5-D2C3-4439-BC02-43F6BEDE7309}.Release|x86.Build.0 = Release|Win32
		{D625ACF5-EA11-4E20-B19C-A968CA558B98}.Debug|x86.ActiveCfg = Debug|Win32
		{D625ACF5-EA11-4E20-B19C-A968CA558B98}.Debug|x86.Build.0 = Debug|Win32
		{D625ACF5-EA11-4E20-B19C-A968CA558B98}.Release|x86.ActiveCfg = Release|Win32
		{D625ACF5-EA11-4E20-B19C-A968CA558B98}.Release|x86.Build.0 = Release|Win32
		{B2D5A0AA-56DA-4014-9EBF-081E964FE5E9}.Debug|x86.ActiveCfg = Debug|Win32
		{B2D5A0AA-56DA-4014-9EBF-081E964FE5E9}.Debug|x86.Build.0 = Debug|Win32
		{B2D5A0AA-56DA-4014-9EBF-081E964FE5E9}.Release|x86.ActiveCfg = Release|Win32
		{B2D5A0AA-56DA-4014-9EBF-081E964FE5E9}.Release|x86.Build.0 = Release|Win32
		{698DE01C-7205-420C-B7B0-930E5FA93796}.Debug|x86.ActiveCfg = Debug|Win32
		{698DE01C-7205-420C-B7B0-930E5FA93796}.Debug|x86.Build.0 = Debug|Win32
		{698DE01C-7205-420C-B7B0-930E5FA93796}.Release|x86.ActiveCfg = Release|Win32
		{698DE01C-7205-420C-B7B0-930E5FA93796}.Release|x86.Build.0 = Release|Win32
		{3F4F2BE1-249F-42F0-85DF-E83EF7EE464D}.Debug|x86.ActiveCfg = Debug|Win32
		{3F4F2BE1-249F-42F0-85DF-E83EF7EE464D}.Debug|x86.Build.0 = Debug|Win32
		{3F4F2BE1-249F-42F0-85DF-E83EF7EE464D}.Release|x86.ActiveCfg = Release|Win32
		{3F4F2BE1-249F-42F0-85DF-E83EF7EE464D}.Release|x86.Build.0 = Release|Win32
		{C1947010-4686-4C8C-8FF3-F3DB182DA5E4}.Debug|x86.ActiveCfg = Debug|Win32
		{C1947010-4686-4C8C-8FF3-F3DB182DA5E4}.Debug|x86.Build.0 = Debug|Win32
		{C1947010-4686-4C8C-8FF3-F3DB182DA5E4}.Release|x86.ActiveCfg = Release|Win32
		{C1947010-4686-4C8C-8FF3-F3DB182DA5E4}.Release|x86.Build.0 = Release|Win32
		{ECF83F5F-6E54-4945-96C3-6B483F7D8AD1}.Debug|x86.ActiveCfg = Debug|Win32
		{ECF83F5F-6E54-4945-96C3-6B483F7D8AD1}.Debug|x86.Build.0 = Debug|Win32
		{ECF83F5F-6E54-4945-96C3-6B483F7D8AD1}.Release|x86.ActiveCfg = Release|Win32
		{ECF83F5F-6E54-4945-96C3-6B483F7D8AD1}.Release|x86.Build.0 = Release|Win32
		{FE149132-13EB-4BD1-A654-BC7BA5F0E871}.Debug|x86.ActiveCfg = Debug|Win32
		{FE149132-13EB-4BD1-A654-BC7BA5F0E871}.Debug|x86.Build.0 = Debug|Win32
		{FE149132-13EB-4BD1-A654-BC7BA5F0E871}.Release|x86.ActiveCfg = Release|Win32
		{FE149132-13EB-4BD1-A654-BC7BA5F0E871}.Release|x86.Build.0 = Release|Win32
		{C1A51BA5-BD93-4CF5-A3D0-840F5D1A6EBC}.Debug|x86.ActiveCfg = Debug|Win32
		{C1A51BA5-BD93-4CF5-A3D0-840F5D1A6EBC}.Debug|x86.Build.0 = Debug|Win32
		{C1A51BA5-BD93-4CF5-A3D0-840F5D1A6EBC}.Release|x86.ActiveCfg = Release|Win32
		{C1A51BA5-BD93-4CF5-A3D0-840F5D1A6EBC}.Release|x86.Build.0 = Release|Win32
		{605030DE-2FE5-4840-8E47-6556B7F4B9D8}.Debug|x86.ActiveCfg = Debug|Win32
		{605030DE-2FE5-4840-8E47-6556B7F4B9D8}.Debug|x86.Build.0 = Debug|Win32
		{605030DE-2FE5-4840-8E47-6556B7F4B9D8}.Release|x86.ActiveCfg = Release|Win32
		{605030DE-2FE5-4840-8E47-6556B7F4B9D8}.Release|x86.Build.0 = Release|Win32
		{38F10BE2-D5E1-40E7-830B-9B8756A9235A}.Debug|x86.ActiveCfg = Debug|Win32
		{38F10BE2-D5E1-40E7-830B-9B8756A9235A}.Debug|x86.Build.0 = Debug|Win32
		{38F10BE2-D5E1-40E7-830B-9B8756A9235A}.Release|x86.ActiveCfg = Release|Win32
		{38F10BE2-D5E1-40E7-830B-9B8756A9235A}.Release|x86.Build.0 = Release|Win32
		{1CD365E8-20EB-4800-B8F5-9BD25056F85A}.Debug|x86.ActiveCfg = Debug|Win32
		{1CD365E8-20EB-4800-B8F5-9BD25056F85A}.Debug|x86.Build.0 = Debug|Win32
		{1CD365E8-20EB-4800-B8F5-9BD25056F85A}.Release|x86.ActiveCfg = Release|Win32
		{1CD365E8-20EB-4800-B8F5-9BD25056F85A}.Release|x86.Build.0 = Release|Win32
		{8F749FE8-47B6-4644-AE9F-E2327655DF45}.Debug|x86.ActiveCfg = Debug|Win32
		{8F749FE8-47B6-4644-AE9F-E2327655DF45}.Debug|x86.Build.0 = Debug|Win32
		{8F749FE8-47B6-4644-AE9F-E2327655DF45}.Release|x86.ActiveCfg = Release|Win32
		{8F749FE8-47B6-4644-AE9F-E2327655DF45}.Release|x86.Build.0 = Release|Win32
		{CFDA1552-3FBF-40BE-9CCA-752D6B63788B}.Debug|x86.ActiveCfg = Debug|Win32
		{CFDA1552-3FBF-40BE-9CCA-752D6B63788B}.Debug|x86.Build.0 = Debug|Win32
		{CFDA1552-3FBF-40BE-9CCA-752D6B63788B}.Release|x86.ActiveCfg = Release|Win32
		{CFDA1552-3FBF-40BE-9CCA-752D6B63788B}.Release|x86.Build.0 = Release|Win32
		{A777EFE4-EED6-4FE9-A82B-CAE4B3F444D0}.Debug|x86.ActiveCfg = Debug|Win32
		{A777EFE4-EED6-4FE9-A82B-CAE4B3F444D0}.Debug|x86.Build.0 = Debug|Win32
		{A777EFE4-EED6-4FE9-A82B-CAE4B3F444D0}.Release|x86.ActiveCfg = Release|Win32
		{A777EFE4-EED6-4FE9-A82B-CAE4B3F444D0}.Release|x86.Build.0 = Release|Win32
		{1D966589-098C-462B-9B10-ECE31E9EB0CC}.Debug|x86.ActiveCfg = Debug|Win32
		{1D966589-098C-462B-9B10-ECE31E9EB0CC}.Debug|x86.Build.0 = Debug|Win32
		{1D966589-098C-462B-9B10-ECE31E9EB0CC}.Release|x86.ActiveCfg = Release|Win32
		{1D966589-098C-462B-9B10-ECE31E9EB0CC}.Release|x86.Build.0 = Release|Win32
		{2B422E5A-63DA-4A9C-A6DC-1AF595CF28D4}.Debug|x86.ActiveCfg = Debug|Win32
		{2B422E5A-63DA-4A9C-A6DC-1AF595CF28D4}.Debug|x86.Build.0 = Debug|Win32
		{2B422E5A-63DA-4A9C-A6DC-1AF595CF28D4}.Release|x86.ActiveCfg = Release|Win32
		{2B422E5A-63DA-4A9C-A6DC-1AF595CF28D4}.Release|x86.Build.0 = Release|Win32
		{A621DC08-BE34-45F9-BED7-9253D209D8F7}.Debug|x86.ActiveCfg = Debug|Win32
		{A621DC08-BE34-45F9-BED7-9253D209D8F7}.Debug|x86.Build.0 = Debug|Win32
		{A621DC08-BE34-45F9-BED7-9253D209D8F7}.Release|x86.ActiveCfg = Release|Win32
		{A621DC08-BE34-45F9-BED7-9253D209D8F7}.Release|x86.Build.0 = Release|Win32
		{C556A7FC-0E2A-4EB0-98F5-FC194EAB76A9}.Debug|x86.ActiveCfg = Debug|Win32
		{C556A7FC-0E2A-4EB0-98F5-FC194EAB76A9}.Debug|x86.Build.0 = Debug|Win32
		{C556A7FC-0E2A-4EB0-98F5-FC194EAB76A9}.Release|x86.ActiveCfg = Release|Win32
		{C556A7FC-0E2A-4EB0-98F5-FC194EAB76A9}.Release|x86.Build.0 = Release|Win32
		{C119B79E-C2F1-4C3B-952D-A5DD8662DCD0}.Debug|x86.ActiveCfg = Debug|Win32
		{C119B79E-C2F1-4C3B-952D-A5DD8662DCD0}.Debug|x86.Build.0 = Debug|Win32
		{C119B79E-C2F1-4C3B-952D-A5DD8662DCD0}.Release|x86.ActiveCfg = Release|Win32
		{C119B79E-C2F1-4C3B-952D-A5DD8662DCD0}.Release|x86.Build.0 = Release|Win32
		{62CA30FD-D935-4A6E-B137-832C7E299901}.Debug|x86.ActiveCfg = Debug|Win32
		{62CA30FD-D935-4A6E-B137-832C7E299901}.Debug|x86.Build.0 = Debug|Win32
		{62CA30FD-D935-4A6E-B137-832C7E299901}.Release|x86.ActiveCfg = Release|Win32
		{62CA30FD-D935-4A6E-B137-832C7E299901}.Release|x86.Build.0 = Release|Win32
		{E3DE4DB0-1116-4D54-910F-F93AD3581948}.Debug|x86.ActiveCfg = Debug|Win32
		{E3DE4DB0-1116-4D54-910F-F93AD3581948}.Debug|x86.Build.0 = Debug|Win32
		{E3DE4DB0-1116-4D54-910F-F93AD3581948}.Release|x86.ActiveCfg = Release|Win32
		{E3DE4DB0-1116-4D54-910F-F93AD3581948}.Release|x86.Build.0 = Release|Win32
		{24519967-F83F-4D64-A861-D9E76440D2F2}.Debug|x86.ActiveCfg = Debug|Win32
		{24519967-F83F-4D64-A861-D9E76440D2F2}.Debug|x86.Build.0 = Debug|Win32
		{24519967-F83F-4D64-A861-D9E76440D2F2}.Release|x86.ActiveCfg = Release|Win32
		{24519967-F83F-4D64-A861-D9E76440D2F2}.Release|x86.Build.0 = Release|Win32
		{198199B8-23B6-4858-835F-42F764BA581F}.Debug|x86.ActiveCfg = Debug|Win32
		{198199B8-23B6-4858-835F-42F764BA581F}.Debug|x86.Build.0 = Debug|Win32
		{198199B8-23B6-4858-835F-42F764BA581F}.Release|x86.ActiveCfg = Release|Win32
		{198199B8-23B6-4858-835F-42F764BA581F}.Release|x86.Build.0 = Release|Win32
		{F401CC50-3272-4558-BA3A-35D28FCAC243}.Debug|x86.ActiveCfg = Debug|Win32
		{F401CC50-3272-4558-BA3A-35D28FCAC243}.Debug|x86.Build.0 = Debug|Win32
		{F401CC50-3272-4558-BA3A-35D28FCAC243}.Release|x86.ActiveCfg = Release|Win32
		{F401CC50-3272-4558-BA3A-35D28FCAC243}.Release|x86.Build.0 = Release|Win32
		{7E016DEB-671C-4260-A791-A7BD54C99BC6}.Debug|x86.ActiveCfg = Debug|Win32
		{7E016DEB-671C-4260-A791-A7BD54C99BC6}.Debug|x86.Build.0 = Debug|Win32
		{7E016DEB-671C-4260-A791-A7BD54C99BC6}.Release|x86.ActiveCfg = Release|Win32
		{7E016DEB-671C-4260-A791-A7BD54C99BC6}.Release|x86.Build.0 = Release|Win32
		{17B4130B-24FB-418B-B444-B2A520B9B3F0}.Debug|x86.ActiveCfg = Debug|Win32
		{17B4130B-24FB-418B-B444-B2A520B9B3F0}.Debug|x86.Build.0 = Debug|Win32
		{17B4130B-24FB-418B-B444-B2A520B9B3F0}.Release|x86.ActiveCfg = Release|Win32
		{17B4130B-24FB-418B-B444-B2A520B9B3F0}.Release|x86.Build.0 = Release|Win32
		{C1513B73-5CA2-477F-AEBC-4A450B7FA219}.Debug|x86.ActiveCfg = Debug|Win32
		{C1513B73-5CA2-477F-AEBC-4A450B7FA219}.Debug|x86.Build.0 = Debug|Win32
		{C1513B73-5CA2-477F-AEBC-4A450B7FA219}.Release|x86.ActiveCfg = Release|Win32
		{C1513B73-5CA2-477F-AEBC-4A450B7FA219}.Release|x86.Build.0 = Release|Win32
		{10242926-F06C-4A5A-817F-5D5C179A0E4A}.Debug|x86.ActiveCfg = Debug|Win32
		{10242926-F06C-4A5A-817F-5D5C179A0E4A}.Debug|x86.Build.0 = Debug|Win32
		{10242926-F06C-4A5A-817F-5D5C179A0E4A}.Release|x86.ActiveCfg = Release|Win32
		{10242926-F06C-4A5A-817F-5D5C179A0E4A}.Release|x86.Build.0 = Release|Win32
		{476BA7B3-8133-47A7-9B4D-3F30F4FEDDAF}.Debug|x86.ActiveCfg = Debug|Win32
		{476BA7B3-8133-47A7-9B4D-3F30F4FEDDAF}.Debug|x86.Build.0 = Debug|Win32
		{476BA7B3-8133-47A7-9B4D-3F30F4FEDDAF}.Release|x86.ActiveCfg = Release|Win32
		{476BA7B3-8133-47A7-9B4D-3F30F4FEDDAF}.Release|x86.Build.0 = Release|Win32
	EndGlobalSection
	GlobalSection(SolutionProperties) = preSolution
		HideSolutionNode = FALSE
	EndGlobalSection
	GlobalSection(NestedProjects) = preSolution
		{9F49CF58-208D-4508-9099-A64A1A420C95} = {46132075-5099-46D9-AF0E-1CE91532E825}
		{04553A56-B8C0-44F6-AD05-F41F897741EE} = {46132075-5099-46D9-AF0E-1CE91532E825}
		{5EFCAC36-9972-4437-9113-B8672083F1DC} = {46132075-5099-46D9-AF0E-1CE91532E825}
		{17642342-3FF0-481C-9C86-6DC4C01424F1} = {46132075-5099-46D9-AF0E-1CE91532E825}
		{C8CA1761-F9EC-4939-8C12-8051A65E09FC} = {46132075-5099-46D9-AF0E-1CE91532E825}
		{507E943D-A186-4689-A456-374B2C0B8801} = {46132075-5099-46D9-AF0E-1CE91532E825}
		{8891EE8E-E8C6-4562-9B68-F3E9A006ADFD} = {46132075-5099-46D9-AF0E-1CE91532E825}
		{468FC958-CC7A-40F6-A770-E9CA36F8E575} = {46132075-5099-46D9-AF0E-1CE91532E825}
		{BC3AE810-482D-4141-8A99-C8B2812A77CA} = {46132075-5099-46D9-AF0E-1CE91532E825}
		{A1EA99AF-8F97-497C-A7BD-39BDF0D65A19} = {46132075-5099-46D9-AF0E-1CE91532E825}
		{67969E54-EA23-4811-AF2C-C221DAE708DD} = {46132075-5099-46D9-AF0E-1CE91532E825}
		{55394534-03DF-40A7-AF4B-3C7A5779AC34} = {3F2034E1-1790-4FF1-9A42-FDCD29F3CF68}
		{50B6AC67-8959-4822-80F7-D983084E83AB} = {3F2034E1-1790-4FF1-9A42-FDCD29F3CF68}
		{AD300DDD-182D-47D0-887C-091E31F80249} = {3F2034E1-1790-4FF1-9A42-FDCD29F3CF68}
		{0B9C7A8A-9569-4E49-898F-8D1EBB2CB984} = {3F2034E1-1790-4FF1-9A42-FDCD29F3CF68}
		{39C54791-F2B1-4078-B398-93D74ECEFF13} = {67B025D4-1F95-4298-AD46-5D81245CB491}
		{AF866C5A-BB1F-4100-8BB1-EC354BC3397B} = {A69F75C9-0A14-4181-94CD-18ED4FADBF3C}
		{01985DE3-D6F5-40FC-AB34-A190611DC00F} = {AE60A2F7-B0AE-4B96-8824-E2E4D50181D0}
		{5752EBD0-AA4B-4414-90F0-A5390DE11691} = {AE60A2F7-B0AE-4B96-8824-E2E4D50181D0}
		{5FCA1164-DC23-4EA0-86BF-BD26B43C77B8} = {AE60A2F7-B0AE-4B96-8824-E2E4D50181D0}
		{D3697546-CCCA-4405-AFCF-4383171591E9} = {2F08AB48-946D-4C65-91B2-9C38CBED9278}
		{3F835804-3296-41C7-B5F2-D100A2A1319D} = {2F08AB48-946D-4C65-91B2-9C38CBED9278}
		{CF6C3F76-081D-4FCF-8E45-C90313710880} = {2F08AB48-946D-4C65-91B2-9C38CBED9278}
		{565A598D-6D29-4F72-ACB4-0DD5DE5DFE9C} = {2F08AB48-946D-4C65-91B2-9C38CBED9278}
		{0AF1F393-F5F8-4A61-A2BB-B5FB0B6E2DFA} = {2F08AB48-946D-4C65-91B2-9C38CBED9278}
		{EF38EFBA-FC6D-4EE8-B3B4-1CB4C355F41F} = {2F08AB48-946D-4C65-91B2-9C38CBED9278}
		{AA787803-9E39-4F41-8C8F-B78CDF9E6E62} = {2F08AB48-946D-4C65-91B2-9C38CBED9278}
		{5FDF2074-365D-46C2-AC00-D69769D45C36} = {2F08AB48-946D-4C65-91B2-9C38CBED9278}
		{61397A70-2243-4AE8-BFB0-B8977AAEEA9D} = {36E5BE09-B2CD-4D06-8E7E-77BAA654C1B4}
		{D7191A96-3F6C-42BF-B3CE-5C38427F63AD} = {36E5BE09-B2CD-4D06-8E7E-77BAA654C1B4}
		{84BC4683-D207-41DC-BC8B-7AC0C8DA1B4D} = {36E5BE09-B2CD-4D06-8E7E-77BAA654C1B4}
		{D3967373-0C00-4C4F-B913-8F0CCB05CA14} = {63D99779-0849-448F-B878-1BBAECF59E5F}
		{352F58AB-8513-46DD-AFEF-ECE792D8472A} = {63D99779-0849-448F-B878-1BBAECF59E5F}
		{73686B09-B9F1-4AA5-9AD8-0B1C109B06C4} = {63D99779-0849-448F-B878-1BBAECF59E5F}
		{AB6136F5-0142-4298-82F1-B13F28E1E7B8} = {A1326440-3F8E-457B-B6A2-0F0A50024C81}
		{2819D4B5-D2C3-4439-BC02-43F6BEDE7309} = {A1326440-3F8E-457B-B6A2-0F0A50024C81}
		{D625ACF5-EA11-4E20-B19C-A968CA558B98} = {A1326440-3F8E-457B-B6A2-0F0A50024C81}
		{B2D5A0AA-56DA-4014-9EBF-081E964FE5E9} = {A1326440-3F8E-457B-B6A2-0F0A50024C81}
		{698DE01C-7205-420C-B7B0-930E5FA93796} = {4A4E3359-C6A2-4E73-AD97-19CD3626A76A}
		{3F4F2BE1-249F-42F0-85DF-E83EF7EE464D} = {4A4E3359-C6A2-4E73-AD97-19CD3626A76A}
		{C1947010-4686-4C8C-8FF3-F3DB182DA5E4} = {4A4E3359-C6A2-4E73-AD97-19CD3626A76A}
		{ECF83F5F-6E54-4945-96C3-6B483F7D8AD1} = {A1AE256B-E991-4B20-BF29-D65EB09429B8}
		{FE149132-13EB-4BD1-A654-BC7BA5F0E871} = {A1AE256B-E991-4B20-BF29-D65EB09429B8}
		{C1A51BA5-BD93-4CF5-A3D0-840F5D1A6EBC} = {A1AE256B-E991-4B20-BF29-D65EB09429B8}
		{605030DE-2FE5-4840-8E47-6556B7F4B9D8} = {A1AE256B-E991-4B20-BF29-D65EB09429B8}
		{38F10BE2-D5E1-40E7-830B-9B8756A9235A} = {637227D0-7173-4A16-AF03-004930B27518}
		{1CD365E8-20EB-4800-B8F5-9BD25056F85A} = {637227D0-7173-4A16-AF03-004930B27518}
		{8F749FE8-47B6-4644-AE9F-E2327655DF45} = {637227D0-7173-4A16-AF03-004930B27518}
		{CFDA1552-3FBF-40BE-9CCA-752D6B63788B} = {637227D0-7173-4A16-AF03-004930B27518}
		{A777EFE4-EED6-4FE9-A82B-CAE4B3F444D0} = {637227D0-7173-4A16-AF03-004930B27518}
		{1D966589-098C-462B-9B10-ECE31E9EB0CC} = {637227D0-7173-4A16-AF03-004930B27518}
		{2B422E5A-63DA-4A9C-A6DC-1AF595CF28D4} = {1842A7B0-545F-41AF-8EDB-4C98AD5673E2}
		{A621DC08-BE34-45F9-BED7-9253D209D8F7} = {1842A7B0-545F-41AF-8EDB-4C98AD5673E2}
		{C556A7FC-0E2A-4EB0-98F5-FC194EAB76A9} = {0B4790A1-68D2-4F6C-BDFB-C492EE3CBF07}
		{C119B79E-C2F1-4C3B-952D-A5DD8662DCD0} = {0B4790A1-68D2-4F6C-BDFB-C492EE3CBF07}
		{62CA30FD-D935-4A6E-B137-832C7E299901} = {B8FF03C0-7211-4F36-B6AA-615144B7F4D8}
		{E3DE4DB0-1116-4D54-910F-F93AD3581948} = {B8FF03C0-7211-4F36-B6AA-615144B7F4D8}
		{24519967-F83F-4D64-A861-D9E76440D2F2} = {9AB27E41-C437-4151-82BB-348E59A8F557}
		{198199B8-23B6-4858-835F-42F764BA581F} = {9AB27E41-C437-4151-82BB-348E59A8F557}
		{F401CC50-3272-4558-BA3A-35D28FCAC243} = {9AB27E41-C437-4151-82BB-348E59A8F557}
		{7E016DEB-671C-4260-A791-A7BD54C99BC6} = {9AB27E41-C437-4151-82BB-348E59A8F557}
		{17B4130B-24FB-418B-B444-B2A520B9B3F0} = {6AD7C282-73AB-43D5-87D6-E90D39D3AA38}
		{C1513B73-5CA2-477F-AEBC-4A450B7FA219} = {6AD7C282-73AB-43D5-87D6-E90D39D3AA38}
		{10242926-F06C-4A5A-817F-5D5C179A0E4A} = {7309FC16-C690-4CA1-AA39-A7BB7B1DC7A7}
		{476BA7B3-8133-47A7-9B4D-3F30F4FEDDAF} = {FB7B0275-B415-4E2A-B80D-BED7443D9F7A}
	EndGlobalSection
EndGlobal
